// !$*UTF8*$!
{
	archiveVersion = 1;
	classes = {
	};
	objectVersion = 77;
	objects = {

/* Begin PBXContainerItemProxy section */
		5E32D0EE2CEC4BA800AFB347 /* PBXContainerItemProxy */ = {
			isa = PBXContainerItemProxy;
			containerPortal = 5E32D0D42CEC4BA800AFB347 /* Project object */;
			proxyType = 1;
			remoteGlobalIDString = 5E32D0DB2CEC4BA800AFB347;
			remoteInfo = "WeatherForcast App";
		};
		5E32D0F82CEC4BA800AFB347 /* PBXContainerItemProxy */ = {
			isa = PBXContainerItemProxy;
			containerPortal = 5E32D0D42CEC4BA800AFB347 /* Project object */;
			proxyType = 1;
			remoteGlobalIDString = 5E32D0DB2CEC4BA800AFB347;
			remoteInfo = "WeatherForcast App";
		};
/* End PBXContainerItemProxy section */

/* Begin PBXFileReference section */
		5E32D0DC2CEC4BA800AFB347 /* WeatherForcast App.app */ = {isa = PBXFileReference; explicitFileType = wrapper.application; includeInIndex = 0; path = "WeatherForcast App.app"; sourceTree = BUILT_PRODUCTS_DIR; };
		5E32D0ED2CEC4BA800AFB347 /* WeatherForcast AppTests.xctest */ = {isa = PBXFileReference; explicitFileType = wrapper.cfbundle; includeInIndex = 0; path = "WeatherForcast AppTests.xctest"; sourceTree = BUILT_PRODUCTS_DIR; };
		5E32D0F72CEC4BA800AFB347 /* WeatherForcast AppUITests.xctest */ = {isa = PBXFileReference; explicitFileType = wrapper.cfbundle; includeInIndex = 0; path = "WeatherForcast AppUITests.xctest"; sourceTree = BUILT_PRODUCTS_DIR; };
/* End PBXFileReference section */

/* Begin PBXFileSystemSynchronizedRootGroup section */
		5E32D0DE2CEC4BA800AFB347 /* WeatherForcast App */ = {
			isa = PBXFileSystemSynchronizedRootGroup;
			path = "WeatherForcast App";
			sourceTree = "<group>";
		};
		5E32D0F02CEC4BA800AFB347 /* WeatherForcast AppTests */ = {
			isa = PBXFileSystemSynchronizedRootGroup;
			path = "WeatherForcast AppTests";
			sourceTree = "<group>";
		};
		5E32D0FA2CEC4BA800AFB347 /* WeatherForcast AppUITests */ = {
			isa = PBXFileSystemSynchronizedRootGroup;
			path = "WeatherForcast AppUITests";
			sourceTree = "<group>";
		};
/* End PBXFileSystemSynchronizedRootGroup section */

/* Begin PBXFrameworksBuildPhase section */
		5E32D0D92CEC4BA800AFB347 /* Frameworks */ = {
			isa = PBXFrameworksBuildPhase;
			buildActionMask = 2147483647;
			files = (
			);
			runOnlyForDeploymentPostprocessing = 0;
		};
		5E32D0EA2CEC4BA800AFB347 /* Frameworks */ = {
			isa = PBXFrameworksBuildPhase;
			buildActionMask = 2147483647;
			files = (
			);
			runOnlyForDeploymentPostprocessing = 0;
		};
		5E32D0F42CEC4BA800AFB347 /* Frameworks */ = {
			isa = PBXFrameworksBuildPhase;
			buildActionMask = 2147483647;
			files = (
			);
			runOnlyForDeploymentPostprocessing = 0;
		};
/* End PBXFrameworksBuildPhase section */

/* Begin PBXGroup section */
		5E32D0D32CEC4BA800AFB347 = {
			isa = PBXGroup;
			children = (
				5E32D0DE2CEC4BA800AFB347 /* WeatherForcast App */,
				5E32D0F02CEC4BA800AFB347 /* WeatherForcast AppTests */,
				5E32D0FA2CEC4BA800AFB347 /* WeatherForcast AppUITests */,
				5E32D0DD2CEC4BA800AFB347 /* Products */,
			);
			sourceTree = "<group>";
		};
		5E32D0DD2CEC4BA800AFB347 /* Products */ = {
			isa = PBXGroup;
			children = (
				5E32D0DC2CEC4BA800AFB347 /* WeatherForcast App.app */,
				5E32D0ED2CEC4BA800AFB347 /* WeatherForcast AppTests.xctest */,
				5E32D0F72CEC4BA800AFB347 /* WeatherForcast AppUITests.xctest */,
			);
			name = Products;
			sourceTree = "<group>";
		};
/* End PBXGroup section */

/* Begin PBXNativeTarget section */
		5E32D0DB2CEC4BA800AFB347 /* WeatherForcast App */ = {
			isa = PBXNativeTarget;
			buildConfigurationList = 5E32D1012CEC4BA800AFB347 /* Build configuration list for PBXNativeTarget "WeatherForcast App" */;
			buildPhases = (
				5E32D0D82CEC4BA800AFB347 /* Sources */,
				5E32D0D92CEC4BA800AFB347 /* Frameworks */,
				5E32D0DA2CEC4BA800AFB347 /* Resources */,
			);
			buildRules = (
			);
			dependencies = (
			);
			fileSystemSynchronizedGroups = (
				5E32D0DE2CEC4BA800AFB347 /* WeatherForcast App */,
			);
			name = "WeatherForcast App";
			packageProductDependencies = (
			);
			productName = "WeatherForcast App";
			productReference = 5E32D0DC2CEC4BA800AFB347 /* WeatherForcast App.app */;
			productType = "com.apple.product-type.application";
		};
		5E32D0EC2CEC4BA800AFB347 /* WeatherForcast AppTests */ = {
			isa = PBXNativeTarget;
			buildConfigurationList = 5E32D1042CEC4BA800AFB347 /* Build configuration list for PBXNativeTarget "WeatherForcast AppTests" */;
			buildPhases = (
				5E32D0E92CEC4BA800AFB347 /* Sources */,
				5E32D0EA2CEC4BA800AFB347 /* Frameworks */,
				5E32D0EB2CEC4BA800AFB347 /* Resources */,
			);
			buildRules = (
			);
			dependencies = (
				5E32D0EF2CEC4BA800AFB347 /* PBXTargetDependency */,
			);
			fileSystemSynchronizedGroups = (
				5E32D0F02CEC4BA800AFB347 /* WeatherForcast AppTests */,
			);
			name = "WeatherForcast AppTests";
			packageProductDependencies = (
			);
			productName = "WeatherForcast AppTests";
			productReference = 5E32D0ED2CEC4BA800AFB347 /* WeatherForcast AppTests.xctest */;
			productType = "com.apple.product-type.bundle.unit-test";
		};
		5E32D0F62CEC4BA800AFB347 /* WeatherForcast AppUITests */ = {
			isa = PBXNativeTarget;
			buildConfigurationList = 5E32D1072CEC4BA800AFB347 /* Build configuration list for PBXNativeTarget "WeatherForcast AppUITests" */;
			buildPhases = (
				5E32D0F32CEC4BA800AFB347 /* Sources */,
				5E32D0F42CEC4BA800AFB347 /* Frameworks */,
				5E32D0F52CEC4BA800AFB347 /* Resources */,
			);
			buildRules = (
			);
			dependencies = (
				5E32D0F92CEC4BA800AFB347 /* PBXTargetDependency */,
			);
			fileSystemSynchronizedGroups = (
				5E32D0FA2CEC4BA800AFB347 /* WeatherForcast AppUITests */,
			);
			name = "WeatherForcast AppUITests";
			packageProductDependencies = (
			);
			productName = "WeatherForcast AppUITests";
			productReference = 5E32D0F72CEC4BA800AFB347 /* WeatherForcast AppUITests.xctest */;
			productType = "com.apple.product-type.bundle.ui-testing";
		};
/* End PBXNativeTarget section */

/* Begin PBXProject section */
		5E32D0D42CEC4BA800AFB347 /* Project object */ = {
			isa = PBXProject;
			attributes = {
				BuildIndependentTargetsInParallel = 1;
				LastSwiftUpdateCheck = 1610;
				LastUpgradeCheck = 1610;
				TargetAttributes = {
					5E32D0DB2CEC4BA800AFB347 = {
						CreatedOnToolsVersion = 16.1;
					};
					5E32D0EC2CEC4BA800AFB347 = {
						CreatedOnToolsVersion = 16.1;
						TestTargetID = 5E32D0DB2CEC4BA800AFB347;
					};
					5E32D0F62CEC4BA800AFB347 = {
						CreatedOnToolsVersion = 16.1;
						TestTargetID = 5E32D0DB2CEC4BA800AFB347;
					};
				};
			};
			buildConfigurationList = 5E32D0D72CEC4BA800AFB347 /* Build configuration list for PBXProject "WeatherForcast App" */;
			developmentRegion = en;
			hasScannedForEncodings = 0;
			knownRegions = (
				en,
				Base,
			);
			mainGroup = 5E32D0D32CEC4BA800AFB347;
			minimizedProjectReferenceProxies = 1;
			preferredProjectObjectVersion = 77;
			productRefGroup = 5E32D0DD2CEC4BA800AFB347 /* Products */;
			projectDirPath = "";
			projectRoot = "";
			targets = (
				5E32D0DB2CEC4BA800AFB347 /* WeatherForcast App */,
				5E32D0EC2CEC4BA800AFB347 /* WeatherForcast AppTests */,
				5E32D0F62CEC4BA800AFB347 /* WeatherForcast AppUITests */,
			);
		};
/* End PBXProject section */

/* Begin PBXResourcesBuildPhase section */
		5E32D0DA2CEC4BA800AFB347 /* Resources */ = {
			isa = PBXResourcesBuildPhase;
			buildActionMask = 2147483647;
			files = (
			);
			runOnlyForDeploymentPostprocessing = 0;
		};
		5E32D0EB2CEC4BA800AFB347 /* Resources */ = {
			isa = PBXResourcesBuildPhase;
			buildActionMask = 2147483647;
			files = (
			);
			runOnlyForDeploymentPostprocessing = 0;
		};
		5E32D0F52CEC4BA800AFB347 /* Resources */ = {
			isa = PBXResourcesBuildPhase;
			buildActionMask = 2147483647;
			files = (
			);
			runOnlyForDeploymentPostprocessing = 0;
		};
/* End PBXResourcesBuildPhase section */

/* Begin PBXSourcesBuildPhase section */
		5E32D0D82CEC4BA800AFB347 /* Sources */ = {
			isa = PBXSourcesBuildPhase;
			buildActionMask = 2147483647;
			files = (
			);
			runOnlyForDeploymentPostprocessing = 0;
		};
		5E32D0E92CEC4BA800AFB347 /* Sources */ = {
			isa = PBXSourcesBuildPhase;
			buildActionMask = 2147483647;
			files = (
			);
			runOnlyForDeploymentPostprocessing = 0;
		};
		5E32D0F32CEC4BA800AFB347 /* Sources */ = {
			isa = PBXSourcesBuildPhase;
			buildActionMask = 2147483647;
			files = (
			);
			runOnlyForDeploymentPostprocessing = 0;
		};
/* End PBXSourcesBuildPhase section */

/* Begin PBXTargetDependency section */
		5E32D0EF2CEC4BA800AFB347 /* PBXTargetDependency */ = {
			isa = PBXTargetDependency;
			target = 5E32D0DB2CEC4BA800AFB347 /* WeatherForcast App */;
			targetProxy = 5E32D0EE2CEC4BA800AFB347 /* PBXContainerItemProxy */;
		};
		5E32D0F92CEC4BA800AFB347 /* PBXTargetDependency */ = {
			isa = PBXTargetDependency;
			target = 5E32D0DB2CEC4BA800AFB347 /* WeatherForcast App */;
			targetProxy = 5E32D0F82CEC4BA800AFB347 /* PBXContainerItemProxy */;
		};
/* End PBXTargetDependency section */

/* Begin XCBuildConfiguration section */
		5E32D0FF2CEC4BA800AFB347 /* Debug */ = {
			isa = XCBuildConfiguration;
			buildSettings = {
				ALWAYS_SEARCH_USER_PATHS = NO;
				ASSETCATALOG_COMPILER_GENERATE_SWIFT_ASSET_SYMBOL_EXTENSIONS = YES;
				CLANG_ANALYZER_NONNULL = YES;
				CLANG_ANALYZER_NUMBER_OBJECT_CONVERSION = YES_AGGRESSIVE;
				CLANG_CXX_LANGUAGE_STANDARD = "gnu++20";
				CLANG_ENABLE_MODULES = YES;
				CLANG_ENABLE_OBJC_ARC = YES;
				CLANG_ENABLE_OBJC_WEAK = YES;
				CLANG_WARN_BLOCK_CAPTURE_AUTORELEASING = YES;
				CLANG_WARN_BOOL_CONVERSION = YES;
				CLANG_WARN_COMMA = YES;
				CLANG_WARN_CONSTANT_CONVERSION = YES;
				CLANG_WARN_DEPRECATED_OBJC_IMPLEMENTATIONS = YES;
				CLANG_WARN_DIRECT_OBJC_ISA_USAGE = YES_ERROR;
				CLANG_WARN_DOCUMENTATION_COMMENTS = YES;
				CLANG_WARN_EMPTY_BODY = YES;
				CLANG_WARN_ENUM_CONVERSION = YES;
				CLANG_WARN_INFINITE_RECURSION = YES;
				CLANG_WARN_INT_CONVERSION = YES;
				CLANG_WARN_NON_LITERAL_NULL_CONVERSION = YES;
				CLANG_WARN_OBJC_IMPLICIT_RETAIN_SELF = YES;
				CLANG_WARN_OBJC_LITERAL_CONVERSION = YES;
				CLANG_WARN_OBJC_ROOT_CLASS = YES_ERROR;
				CLANG_WARN_QUOTED_INCLUDE_IN_FRAMEWORK_HEADER = YES;
				CLANG_WARN_RANGE_LOOP_ANALYSIS = YES;
				CLANG_WARN_STRICT_PROTOTYPES = YES;
				CLANG_WARN_SUSPICIOUS_MOVE = YES;
				CLANG_WARN_UNGUARDED_AVAILABILITY = YES_AGGRESSIVE;
				CLANG_WARN_UNREACHABLE_CODE = YES;
				CLANG_WARN__DUPLICATE_METHOD_MATCH = YES;
				COPY_PHASE_STRIP = NO;
				DEBUG_INFORMATION_FORMAT = dwarf;
				ENABLE_STRICT_OBJC_MSGSEND = YES;
				ENABLE_TESTABILITY = YES;
				ENABLE_USER_SCRIPT_SANDBOXING = YES;
				GCC_C_LANGUAGE_STANDARD = gnu17;
				GCC_DYNAMIC_NO_PIC = NO;
				GCC_NO_COMMON_BLOCKS = YES;
				GCC_OPTIMIZATION_LEVEL = 0;
				GCC_PREPROCESSOR_DEFINITIONS = (
					"DEBUG=1",
					"$(inherited)",
				);
				GCC_WARN_64_TO_32_BIT_CONVERSION = YES;
				GCC_WARN_ABOUT_RETURN_TYPE = YES_ERROR;
				GCC_WARN_UNDECLARED_SELECTOR = YES;
				GCC_WARN_UNINITIALIZED_AUTOS = YES_AGGRESSIVE;
				GCC_WARN_UNUSED_FUNCTION = YES;
				GCC_WARN_UNUSED_VARIABLE = YES;
				LOCALIZATION_PREFERS_STRING_CATALOGS = YES;
				MTL_ENABLE_DEBUG_INFO = INCLUDE_SOURCE;
				MTL_FAST_MATH = YES;
				ONLY_ACTIVE_ARCH = YES;
				SWIFT_ACTIVE_COMPILATION_CONDITIONS = "DEBUG $(inherited)";
				SWIFT_OPTIMIZATION_LEVEL = "-Onone";
			};
			name = Debug;
		};
		5E32D1002CEC4BA800AFB347 /* Release */ = {
			isa = XCBuildConfiguration;
			buildSettings = {
				ALWAYS_SEARCH_USER_PATHS = NO;
				ASSETCATALOG_COMPILER_GENERATE_SWIFT_ASSET_SYMBOL_EXTENSIONS = YES;
				CLANG_ANALYZER_NONNULL = YES;
				CLANG_ANALYZER_NUMBER_OBJECT_CONVERSION = YES_AGGRESSIVE;
				CLANG_CXX_LANGUAGE_STANDARD = "gnu++20";
				CLANG_ENABLE_MODULES = YES;
				CLANG_ENABLE_OBJC_ARC = YES;
				CLANG_ENABLE_OBJC_WEAK = YES;
				CLANG_WARN_BLOCK_CAPTURE_AUTORELEASING = YES;
				CLANG_WARN_BOOL_CONVERSION = YES;
				CLANG_WARN_COMMA = YES;
				CLANG_WARN_CONSTANT_CONVERSION = YES;
				CLANG_WARN_DEPRECATED_OBJC_IMPLEMENTATIONS = YES;
				CLANG_WARN_DIRECT_OBJC_ISA_USAGE = YES_ERROR;
				CLANG_WARN_DOCUMENTATION_COMMENTS = YES;
				CLANG_WARN_EMPTY_BODY = YES;
				CLANG_WARN_ENUM_CONVERSION = YES;
				CLANG_WARN_INFINITE_RECURSION = YES;
				CLANG_WARN_INT_CONVERSION = YES;
				CLANG_WARN_NON_LITERAL_NULL_CONVERSION = YES;
				CLANG_WARN_OBJC_IMPLICIT_RETAIN_SELF = YES;
				CLANG_WARN_OBJC_LITERAL_CONVERSION = YES;
				CLANG_WARN_OBJC_ROOT_CLASS = YES_ERROR;
				CLANG_WARN_QUOTED_INCLUDE_IN_FRAMEWORK_HEADER = YES;
				CLANG_WARN_RANGE_LOOP_ANALYSIS = YES;
				CLANG_WARN_STRICT_PROTOTYPES = YES;
				CLANG_WARN_SUSPICIOUS_MOVE = YES;
				CLANG_WARN_UNGUARDED_AVAILABILITY = YES_AGGRESSIVE;
				CLANG_WARN_UNREACHABLE_CODE = YES;
				CLANG_WARN__DUPLICATE_METHOD_MATCH = YES;
				COPY_PHASE_STRIP = NO;
				DEBUG_INFORMATION_FORMAT = "dwarf-with-dsym";
				ENABLE_NS_ASSERTIONS = NO;
				ENABLE_STRICT_OBJC_MSGSEND = YES;
				ENABLE_USER_SCRIPT_SANDBOXING = YES;
				GCC_C_LANGUAGE_STANDARD = gnu17;
				GCC_NO_COMMON_BLOCKS = YES;
				GCC_WARN_64_TO_32_BIT_CONVERSION = YES;
				GCC_WARN_ABOUT_RETURN_TYPE = YES_ERROR;
				GCC_WARN_UNDECLARED_SELECTOR = YES;
				GCC_WARN_UNINITIALIZED_AUTOS = YES_AGGRESSIVE;
				GCC_WARN_UNUSED_FUNCTION = YES;
				GCC_WARN_UNUSED_VARIABLE = YES;
				LOCALIZATION_PREFERS_STRING_CATALOGS = YES;
				MTL_ENABLE_DEBUG_INFO = NO;
				MTL_FAST_MATH = YES;
				SWIFT_COMPILATION_MODE = wholemodule;
			};
			name = Release;
		};
		5E32D1022CEC4BA800AFB347 /* Debug */ = {
			isa = XCBuildConfiguration;
			buildSettings = {
				ASSETCATALOG_COMPILER_APPICON_NAME = AppIcon;
				ASSETCATALOG_COMPILER_GLOBAL_ACCENT_COLOR_NAME = AccentColor;
				CODE_SIGN_ENTITLEMENTS = "WeatherForcast App/WeatherForcast_App.entitlements";
				"CODE_SIGN_IDENTITY[sdk=macosx*]" = "Apple Development";
				CODE_SIGN_STYLE = Automatic;
				CURRENT_PROJECT_VERSION = 1;
				DEVELOPMENT_ASSET_PATHS = "\"WeatherForcast App/Preview Content\"";
				DEVELOPMENT_TEAM = JF9U94YL6M;
				ENABLE_HARDENED_RUNTIME = YES;
				ENABLE_PREVIEWS = YES;
				GENERATE_INFOPLIST_FILE = YES;
				"INFOPLIST_KEY_UIApplicationSceneManifest_Generation[sdk=iphoneos*]" = YES;
				"INFOPLIST_KEY_UIApplicationSceneManifest_Generation[sdk=iphonesimulator*]" = YES;
				"INFOPLIST_KEY_UIApplicationSupportsIndirectInputEvents[sdk=iphoneos*]" = YES;
				"INFOPLIST_KEY_UIApplicationSupportsIndirectInputEvents[sdk=iphonesimulator*]" = YES;
				"INFOPLIST_KEY_UILaunchScreen_Generation[sdk=iphoneos*]" = YES;
				"INFOPLIST_KEY_UILaunchScreen_Generation[sdk=iphonesimulator*]" = YES;
				"INFOPLIST_KEY_UIStatusBarStyle[sdk=iphoneos*]" = UIStatusBarStyleDefault;
				"INFOPLIST_KEY_UIStatusBarStyle[sdk=iphonesimulator*]" = UIStatusBarStyleDefault;
				INFOPLIST_KEY_UISupportedInterfaceOrientations_iPad = "UIInterfaceOrientationPortrait UIInterfaceOrientationPortraitUpsideDown UIInterfaceOrientationLandscapeLeft UIInterfaceOrientationLandscapeRight";
				INFOPLIST_KEY_UISupportedInterfaceOrientations_iPhone = "UIInterfaceOrientationPortrait UIInterfaceOrientationLandscapeLeft UIInterfaceOrientationLandscapeRight";
				IPHONEOS_DEPLOYMENT_TARGET = 18.1;
				LD_RUNPATH_SEARCH_PATHS = "@executable_path/Frameworks";
				"LD_RUNPATH_SEARCH_PATHS[sdk=macosx*]" = "@executable_path/../Frameworks";
				MACOSX_DEPLOYMENT_TARGET = 15.1;
				MARKETING_VERSION = 1.0;
				PRODUCT_BUNDLE_IDENTIFIER = "jainrupal.WeatherForcast-App";
				PRODUCT_NAME = "$(TARGET_NAME)";
				SDKROOT = auto;
				SUPPORTED_PLATFORMS = "iphoneos iphonesimulator macosx xros xrsimulator";
				SWIFT_EMIT_LOC_STRINGS = YES;
				SWIFT_VERSION = 5.0;
				TARGETED_DEVICE_FAMILY = "1,2,7";
				XROS_DEPLOYMENT_TARGET = 2.1;
			};
			name = Debug;
		};
		5E32D1032CEC4BA800AFB347 /* Release */ = {
			isa = XCBuildConfiguration;
			buildSettings = {
				ASSETCATALOG_COMPILER_APPICON_NAME = AppIcon;
				ASSETCATALOG_COMPILER_GLOBAL_ACCENT_COLOR_NAME = AccentColor;
				CODE_SIGN_ENTITLEMENTS = "WeatherForcast App/WeatherForcast_App.entitlements";
				"CODE_SIGN_IDENTITY[sdk=macosx*]" = "Apple Development";
				CODE_SIGN_STYLE = Automatic;
				CURRENT_PROJECT_VERSION = 1;
				DEVELOPMENT_ASSET_PATHS = "\"WeatherForcast App/Preview Content\"";
				DEVELOPMENT_TEAM = JF9U94YL6M;
				ENABLE_HARDENED_RUNTIME = YES;
				ENABLE_PREVIEWS = YES;
				GENERATE_INFOPLIST_FILE = YES;
				"INFOPLIST_KEY_UIApplicationSceneManifest_Generation[sdk=iphoneos*]" = YES;
				"INFOPLIST_KEY_UIApplicationSceneManifest_Generation[sdk=iphonesimulator*]" = YES;
				"INFOPLIST_KEY_UIApplicationSupportsIndirectInputEvents[sdk=iphoneos*]" = YES;
				"INFOPLIST_KEY_UIApplicationSupportsIndirectInputEvents[sdk=iphonesimulator*]" = YES;
				"INFOPLIST_KEY_UILaunchScreen_Generation[sdk=iphoneos*]" = YES;
				"INFOPLIST_KEY_UILaunchScreen_Generation[sdk=iphonesimulator*]" = YES;
				"INFOPLIST_KEY_UIStatusBarStyle[sdk=iphoneos*]" = UIStatusBarStyleDefault;
				"INFOPLIST_KEY_UIStatusBarStyle[sdk=iphonesimulator*]" = UIStatusBarStyleDefault;
				INFOPLIST_KEY_UISupportedInterfaceOrientations_iPad = "UIInterfaceOrientationPortrait UIInterfaceOrientationPortraitUpsideDown UIInterfaceOrientationLandscapeLeft UIInterfaceOrientationLandscapeRight";
				INFOPLIST_KEY_UISupportedInterfaceOrientations_iPhone = "UIInterfaceOrientationPortrait UIInterfaceOrientationLandscapeLeft UIInterfaceOrientationLandscapeRight";
				IPHONEOS_DEPLOYMENT_TARGET = 18.1;
				LD_RUNPATH_SEARCH_PATHS = "@executable_path/Frameworks";
				"LD_RUNPATH_SEARCH_PATHS[sdk=macosx*]" = "@executable_path/../Frameworks";
				MACOSX_DEPLOYMENT_TARGET = 15.1;
				MARKETING_VERSION = 1.0;
				PRODUCT_BUNDLE_IDENTIFIER = "jainrupal.WeatherForcast-App";
				PRODUCT_NAME = "$(TARGET_NAME)";
				SDKROOT = auto;
				SUPPORTED_PLATFORMS = "iphoneos iphonesimulator macosx xros xrsimulator";
				SWIFT_EMIT_LOC_STRINGS = YES;
				SWIFT_VERSION = 5.0;
				TARGETED_DEVICE_FAMILY = "1,2,7";
				XROS_DEPLOYMENT_TARGET = 2.1;
			};
			name = Release;
		};
		5E32D1052CEC4BA800AFB347 /* Debug */ = {
			isa = XCBuildConfiguration;
			buildSettings = {
				BUNDLE_LOADER = "$(TEST_HOST)";
				CODE_SIGN_STYLE = Automatic;
				CURRENT_PROJECT_VERSION = 1;
				DEVELOPMENT_TEAM = JF9U94YL6M;
				GENERATE_INFOPLIST_FILE = YES;
				IPHONEOS_DEPLOYMENT_TARGET = 18.1;
				MACOSX_DEPLOYMENT_TARGET = 15.1;
				MARKETING_VERSION = 1.0;
				PRODUCT_BUNDLE_IDENTIFIER = "jainrupal.WeatherForcast-AppTests";
				PRODUCT_NAME = "$(TARGET_NAME)";
				SDKROOT = auto;
				SUPPORTED_PLATFORMS = "iphoneos iphonesimulator macosx xros xrsimulator";
				SWIFT_EMIT_LOC_STRINGS = NO;
				SWIFT_VERSION = 5.0;
				TARGETED_DEVICE_FAMILY = "1,2,7";
				TEST_HOST = "$(BUILT_PRODUCTS_DIR)/WeatherForcast App.app/$(BUNDLE_EXECUTABLE_FOLDER_PATH)/WeatherForcast App";
				XROS_DEPLOYMENT_TARGET = 2.1;
			};
			name = Debug;
		};
		5E32D1062CEC4BA800AFB347 /* Release */ = {
			isa = XCBuildConfiguration;
			buildSettings = {
				BUNDLE_LOADER = "$(TEST_HOST)";
				CODE_SIGN_STYLE = Automatic;
				CURRENT_PROJECT_VERSION = 1;
				DEVELOPMENT_TEAM = JF9U94YL6M;
				GENERATE_INFOPLIST_FILE = YES;
				IPHONEOS_DEPLOYMENT_TARGET = 18.1;
				MACOSX_DEPLOYMENT_TARGET = 15.1;
				MARKETING_VERSION = 1.0;
				PRODUCT_BUNDLE_IDENTIFIER = "jainrupal.WeatherForcast-AppTests";
				PRODUCT_NAME = "$(TARGET_NAME)";
				SDKROOT = auto;
				SUPPORTED_PLATFORMS = "iphoneos iphonesimulator macosx xros xrsimulator";
				SWIFT_EMIT_LOC_STRINGS = NO;
				SWIFT_VERSION = 5.0;
				TARGETED_DEVICE_FAMILY = "1,2,7";
				TEST_HOST = "$(BUILT_PRODUCTS_DIR)/WeatherForcast App.app/$(BUNDLE_EXECUTABLE_FOLDER_PATH)/WeatherForcast App";
				XROS_DEPLOYMENT_TARGET = 2.1;
			};
			name = Release;
		};
		5E32D1082CEC4BA800AFB347 /* Debug */ = {
			isa = XCBuildConfiguration;
			buildSettings = {
				CODE_SIGN_STYLE = Automatic;
				CURRENT_PROJECT_VERSION = 1;
				DEVELOPMENT_TEAM = JF9U94YL6M;
				GENERATE_INFOPLIST_FILE = YES;
				IPHONEOS_DEPLOYMENT_TARGET = 18.1;
				MACOSX_DEPLOYMENT_TARGET = 15.1;
				MARKETING_VERSION = 1.0;
				PRODUCT_BUNDLE_IDENTIFIER = "jainrupal.WeatherForcast-AppUITests";
				PRODUCT_NAME = "$(TARGET_NAME)";
				SDKROOT = auto;
				SUPPORTED_PLATFORMS = "iphoneos iphonesimulator macosx xros xrsimulator";
				SWIFT_EMIT_LOC_STRINGS = NO;
				SWIFT_VERSION = 5.0;
				TARGETED_DEVICE_FAMILY = "1,2,7";
				TEST_TARGET_NAME = "WeatherForcast App";
				XROS_DEPLOYMENT_TARGET = 2.1;
			};
			name = Debug;
		};
		5E32D1092CEC4BA800AFB347 /* Release */ = {
			isa = XCBuildConfiguration;
			buildSettings = {
				CODE_SIGN_STYLE = Automatic;
				CURRENT_PROJECT_VERSION = 1;
				DEVELOPMENT_TEAM = JF9U94YL6M;
				GENERATE_INFOPLIST_FILE = YES;
				IPHONEOS_DEPLOYMENT_TARGET = 18.1;
				MACOSX_DEPLOYMENT_TARGET = 15.1;
				MARKETING_VERSION = 1.0;
				PRODUCT_BUNDLE_IDENTIFIER = "jainrupal.WeatherForcast-AppUITests";
				PRODUCT_NAME = "$(TARGET_NAME)";
				SDKROOT = auto;
				SUPPORTED_PLATFORMS = "iphoneos iphonesimulator macosx xros xrsimulator";
				SWIFT_EMIT_LOC_STRINGS = NO;
				SWIFT_VERSION = 5.0;
				TARGETED_DEVICE_FAMILY = "1,2,7";
				TEST_TARGET_NAME = "WeatherForcast App";
				XROS_DEPLOYMENT_TARGET = 2.1;
			};
			name = Release;
		};
/* End XCBuildConfiguration section */

/* Begin XCConfigurationList section */
		5E32D0D72CEC4BA800AFB347 /* Build configuration list for PBXProject "WeatherForcast App" */ = {
			isa = XCConfigurationList;
			buildConfigurations = (
				5E32D0FF2CEC4BA800AFB347 /* Debug */,
				5E32D1002CEC4BA800AFB347 /* Release */,
			);
			defaultConfigurationIsVisible = 0;
			defaultConfigurationName = Release;
		};
		5E32D1012CEC4BA800AFB347 /* Build configuration list for PBXNativeTarget "WeatherForcast App" */ = {
			isa = XCConfigurationList;
			buildConfigurations = (
				5E32D1022CEC4BA800AFB347 /* Debug */,
				5E32D1032CEC4BA800AFB347 /* Release */,
			);
			defaultConfigurationIsVisible = 0;
			defaultConfigurationName = Release;
		};
		5E32D1042CEC4BA800AFB347 /* Build configuration list for PBXNativeTarget "WeatherForcast AppTests" */ = {
			isa = XCConfigurationList;
			buildConfigurations = (
				5E32D1052CEC4BA800AFB347 /* Debug */,
				5E32D1062CEC4BA800AFB347 /* Release */,
			);
			defaultConfigurationIsVisible = 0;
			defaultConfigurationName = Release;
		};
		5E32D1072CEC4BA800AFB347 /* Build configuration list for PBXNativeTarget "WeatherForcast AppUITests" */ = {
			isa = XCConfigurationList;
			buildConfigurations = (
				5E32D1082CEC4BA800AFB347 /* Debug */,
				5E32D1092CEC4BA800AFB347 /* Release */,
			);
			defaultConfigurationIsVisible = 0;
			defaultConfigurationName = Release;
		};
/* End XCConfigurationList section */
	};
	rootObject = 5E32D0D42CEC4BA800AFB347 /* Project object */;
}
